
Microsoft Visual Studio Solution File, Format Version 12.00
# Visual Studio Version 17
VisualStudioVersion = 17.7.34024.191
MinimumVisualStudioVersion = 10.0.40219.1
Project("{FAE04EC0-301F-11D3-BF4B-00C04F79EFBC}") = "ServiceClassProject", "ServiceClassProject\ServiceClassProject.csproj", "{4D7B4049-C94F-41E3-875C-FA734AC04429}"
EndProject
Global
	GlobalSection(SolutionConfigurationPlatforms) = preSolution
		Debug|Any CPU = Debug|Any CPU
		Release|Any CPU = Release|Any CPU
	EndGlobalSection
	GlobalSection(ProjectConfigurationPlatforms) = postSolution
		{4D7B4049-C94F-41E3-875C-FA734AC04429}.Debug|Any CPU.ActiveCfg = Debug|Any CPU
		{4D7B4049-C94F-41E3-875C-FA734AC04429}.Debug|Any CPU.Build.0 = Debug|Any CPU
		{4D7B4049-C94F-41E3-875C-FA734AC04429}.Release|Any CPU.ActiveCfg = Release|Any CPU
		{4D7B4049-C94F-41E3-875C-FA734AC04429}.Release|Any CPU.Build.0 = Release|Any CPU
	EndGlobalSection
	GlobalSection(SolutionProperties) = preSolution
		HideSolutionNode = FALSE
	EndGlobalSection
	GlobalSection(ExtensibilityGlobals) = postSolution
		SolutionGuid = {D1B162DE-7843-47DC-BB71-CEEE7251C935}
	EndGlobalSection
EndGlobal
